
Microsoft Visual Studio Solution File, Format Version 12.00
# Visual Studio Version 16
VisualStudioVersion = 16.0.810.20
MinimumVisualStudioVersion = 10.0.40219.1
Project("{FAE04EC0-301F-11D3-BF4B-00C04F79EFBC}") = "BlogProject.MVC", "BlogProject.MVC\BlogProject.MVC.csproj", "{C908D2ED-259E-4352-96D8-6648A612B8E2}"
EndProject
Project("{FAE04EC0-301F-11D3-BF4B-00C04F79EFBC}") = "BlogProject.Entities", "BlogProject.Entities\BlogProject.Entities.csproj", "{4960F336-A697-49A2-AF63-CCBBE518DAA5}"
EndProject
Project("{FAE04EC0-301F-11D3-BF4B-00C04F79EFBC}") = "BlogProject.Data", "BlogProject.Data\BlogProject.Data.csproj", "{AAF425B9-C86A-4A36-B8C9-17B2300F28C2}"
EndProject
Project("{FAE04EC0-301F-11D3-BF4B-00C04F79EFBC}") = "BlogProject.Shared", "BlogProject.Shared\BlogProject.Shared.csproj", "{67EEC432-C3D0-4E20-91D5-42A74E53C2F4}"
EndProject
Project("{FAE04EC0-301F-11D3-BF4B-00C04F79EFBC}") = "BlogProject.Services", "BlogProject.Services\BlogProject.Services.csproj", "{FBD5807E-78C9-48E3-B0E6-275370D7E4E6}"
EndProject
Global
	GlobalSection(SolutionConfigurationPlatforms) = preSolution
		Debug|Any CPU = Debug|Any CPU
		Release|Any CPU = Release|Any CPU
	EndGlobalSection
	GlobalSection(ProjectConfigurationPlatforms) = postSolution
		{C908D2ED-259E-4352-96D8-6648A612B8E2}.Debug|Any CPU.ActiveCfg = Debug|Any CPU
		{C908D2ED-259E-4352-96D8-6648A612B8E2}.Debug|Any CPU.Build.0 = Debug|Any CPU
		{C908D2ED-259E-4352-96D8-6648A612B8E2}.Release|Any CPU.ActiveCfg = Release|Any CPU
		{C908D2ED-259E-4352-96D8-6648A612B8E2}.Release|Any CPU.Build.0 = Release|Any CPU
		{4960F336-A697-49A2-AF63-CCBBE518DAA5}.Debug|Any CPU.ActiveCfg = Debug|Any CPU
		{4960F336-A697-49A2-AF63-CCBBE518DAA5}.Debug|Any CPU.Build.0 = Debug|Any CPU
		{4960F336-A697-49A2-AF63-CCBBE518DAA5}.Release|Any CPU.ActiveCfg = Release|Any CPU
		{4960F336-A697-49A2-AF63-CCBBE518DAA5}.Release|Any CPU.Build.0 = Release|Any CPU
		{AAF425B9-C86A-4A36-B8C9-17B2300F28C2}.Debug|Any CPU.ActiveCfg = Debug|Any CPU
		{AAF425B9-C86A-4A36-B8C9-17B2300F28C2}.Debug|Any CPU.Build.0 = Debug|Any CPU
		{AAF425B9-C86A-4A36-B8C9-17B2300F28C2}.Release|Any CPU.ActiveCfg = Release|Any CPU
		{AAF425B9-C86A-4A36-B8C9-17B2300F28C2}.Release|Any CPU.Build.0 = Release|Any CPU
		{67EEC432-C3D0-4E20-91D5-42A74E53C2F4}.Debug|Any CPU.ActiveCfg = Debug|Any CPU
		{67EEC432-C3D0-4E20-91D5-42A74E53C2F4}.Debug|Any CPU.Build.0 = Debug|Any CPU
		{67EEC432-C3D0-4E20-91D5-42A74E53C2F4}.Release|Any CPU.ActiveCfg = Release|Any CPU
		{67EEC432-C3D0-4E20-91D5-42A74E53C2F4}.Release|Any CPU.Build.0 = Release|Any CPU
		{FBD5807E-78C9-48E3-B0E6-275370D7E4E6}.Debug|Any CPU.ActiveCfg = Debug|Any CPU
		{FBD5807E-78C9-48E3-B0E6-275370D7E4E6}.Debug|Any CPU.Build.0 = Debug|Any CPU
		{FBD5807E-78C9-48E3-B0E6-275370D7E4E6}.Release|Any CPU.ActiveCfg = Release|Any CPU
		{FBD5807E-78C9-48E3-B0E6-275370D7E4E6}.Release|Any CPU.Build.0 = Release|Any CPU
	EndGlobalSection
	GlobalSection(SolutionProperties) = preSolution
		HideSolutionNode = FALSE
	EndGlobalSection
	GlobalSection(ExtensibilityGlobals) = postSolution
		SolutionGuid = {9AE783F9-64C9-44FE-BE4F-A36AD599085D}
	EndGlobalSection
EndGlobal
